
Microsoft Visual Studio Solution File, Format Version 12.00
# Visual Studio 2017
Project("{FAE04EC0-301F-11D3-BF4B-00C04F79EFBC}") = "TestDeployToHololens", "TestDeployToHololens.csproj", "{30EE92EF-111D-3366-AE74-1705C8D1CE59}"
EndProject
Project("{FAE04EC0-301F-11D3-BF4B-00C04F79EFBC}") = "TestDeployToHololens.Editor", "TestDeployToHololens.Editor.csproj", "{BA41441F-1602-63DC-3669-171219DA34CD}"
EndProject
Global
	GlobalSection(SolutionConfigurationPlatforms) = preSolution
		Debug|Any CPU = Debug|Any CPU
		Release|Any CPU = Release|Any CPU
	EndGlobalSection
	GlobalSection(ProjectConfigurationPlatforms) = postSolution
		{30EE92EF-111D-3366-AE74-1705C8D1CE59}.Debug|Any CPU.ActiveCfg = Debug|Any CPU
		{30EE92EF-111D-3366-AE74-1705C8D1CE59}.Debug|Any CPU.Build.0 = Debug|Any CPU
		{30EE92EF-111D-3366-AE74-1705C8D1CE59}.Release|Any CPU.ActiveCfg = Release|Any CPU
		{30EE92EF-111D-3366-AE74-1705C8D1CE59}.Release|Any CPU.Build.0 = Release|Any CPU
		{BA41441F-1602-63DC-3669-171219DA34CD}.Debug|Any CPU.ActiveCfg = Debug|Any CPU
		{BA41441F-1602-63DC-3669-171219DA34CD}.Debug|Any CPU.Build.0 = Debug|Any CPU
		{BA41441F-1602-63DC-3669-171219DA34CD}.Release|Any CPU.ActiveCfg = Release|Any CPU
		{BA41441F-1602-63DC-3669-171219DA34CD}.Release|Any CPU.Build.0 = Release|Any CPU
	EndGlobalSection
	GlobalSection(SolutionProperties) = preSolution
		HideSolutionNode = FALSE
	EndGlobalSection
EndGlobal
